
Microsoft Visual Studio Solution File, Format Version 12.00
# Visual Studio Version 16
VisualStudioVersion = 16.0.30907.101
MinimumVisualStudioVersion = 10.0.40219.1
Project("{9A19103F-16F7-4668-BE54-9A1E7A4F7556}") = "RecruitCatShrivaty", "RecruitCatShrivaty\RecruitCatShrivaty.csproj", "{61EC3940-3971-4733-B190-4BFAA164F9B5}"
EndProject
Global
	GlobalSection(SolutionConfigurationPlatforms) = preSolution
		Debug|Any CPU = Debug|Any CPU
		Release|Any CPU = Release|Any CPU
	EndGlobalSection
	GlobalSection(ProjectConfigurationPlatforms) = postSolution
		{61EC3940-3971-4733-B190-4BFAA164F9B5}.Debug|Any CPU.ActiveCfg = Debug|Any CPU
		{61EC3940-3971-4733-B190-4BFAA164F9B5}.Debug|Any CPU.Build.0 = Debug|Any CPU
		{61EC3940-3971-4733-B190-4BFAA164F9B5}.Release|Any CPU.ActiveCfg = Release|Any CPU
		{61EC3940-3971-4733-B190-4BFAA164F9B5}.Release|Any CPU.Build.0 = Release|Any CPU
	EndGlobalSection
	GlobalSection(SolutionProperties) = preSolution
		HideSolutionNode = FALSE
	EndGlobalSection
	GlobalSection(ExtensibilityGlobals) = postSolution
		SolutionGuid = {5F274CC4-3BC9-472C-84AA-1BD168F1E6F0}
	EndGlobalSection
EndGlobal
