
Microsoft Visual Studio Solution File, Format Version 12.00
# Visual Studio Version 16
VisualStudioVersion = 16.0.30907.101
MinimumVisualStudioVersion = 10.0.40219.1
Project("{9A19103F-16F7-4668-BE54-9A1E7A4F7556}") = "TravelBug", "TravelBug.csproj", "{9BECED21-659E-4B61-A785-7A240066BBF8}"
EndProject
Global
	GlobalSection(SolutionConfigurationPlatforms) = preSolution
		Debug|Any CPU = Debug|Any CPU
		Release|Any CPU = Release|Any CPU
	EndGlobalSection
	GlobalSection(ProjectConfigurationPlatforms) = postSolution
		{9BECED21-659E-4B61-A785-7A240066BBF8}.Debug|Any CPU.ActiveCfg = Debug|Any CPU
		{9BECED21-659E-4B61-A785-7A240066BBF8}.Debug|Any CPU.Build.0 = Debug|Any CPU
		{9BECED21-659E-4B61-A785-7A240066BBF8}.Release|Any CPU.ActiveCfg = Release|Any CPU
		{9BECED21-659E-4B61-A785-7A240066BBF8}.Release|Any CPU.Build.0 = Release|Any CPU
	EndGlobalSection
	GlobalSection(SolutionProperties) = preSolution
		HideSolutionNode = FALSE
	EndGlobalSection
	GlobalSection(ExtensibilityGlobals) = postSolution
		SolutionGuid = {D56144C9-DCAF-4799-B0AA-CD65D7A8A2B3}
	EndGlobalSection
EndGlobal
